
Microsoft Visual Studio Solution File, Format Version 12.00
# Visual Studio 2017
Project("{FAE04EC0-301F-11D3-BF4B-00C04F79EFBC}") = "Cheats for CSGO for android", "Cheats for CSGO for android.csproj", "{DA68DDD7-F473-ECF7-5233-50AE7E43AA37}"
EndProject
Global
	GlobalSection(SolutionConfigurationPlatforms) = preSolution
		Debug|Any CPU = Debug|Any CPU
		Release|Any CPU = Release|Any CPU
	EndGlobalSection
	GlobalSection(ProjectConfigurationPlatforms) = postSolution
		{DA68DDD7-F473-ECF7-5233-50AE7E43AA37}.Debug|Any CPU.ActiveCfg = Debug|Any CPU
		{DA68DDD7-F473-ECF7-5233-50AE7E43AA37}.Debug|Any CPU.Build.0 = Debug|Any CPU
		{DA68DDD7-F473-ECF7-5233-50AE7E43AA37}.Release|Any CPU.ActiveCfg = Release|Any CPU
		{DA68DDD7-F473-ECF7-5233-50AE7E43AA37}.Release|Any CPU.Build.0 = Release|Any CPU
	EndGlobalSection
	GlobalSection(SolutionProperties) = preSolution
		HideSolutionNode = FALSE
	EndGlobalSection
EndGlobal
